
Microsoft Visual Studio Solution File, Format Version 12.00
# Visual Studio 15
VisualStudioVersion = 15.0.28307.705
MinimumVisualStudioVersion = 10.0.40219.1
Project("{FAE04EC0-301F-11D3-BF4B-00C04F79EFBC}") = "InventoryManagementSystem", "InventoryManagementSystem\InventoryManagementSystem.csproj", "{AE8E8D84-E89D-4ADC-9A9F-AFCCEFB84E9E}"
EndProject
Global
	GlobalSection(SolutionConfigurationPlatforms) = preSolution
		Debug|Any CPU = Debug|Any CPU
		Release|Any CPU = Release|Any CPU
	EndGlobalSection
	GlobalSection(ProjectConfigurationPlatforms) = postSolution
		{AE8E8D84-E89D-4ADC-9A9F-AFCCEFB84E9E}.Debug|Any CPU.ActiveCfg = Debug|Any CPU
		{AE8E8D84-E89D-4ADC-9A9F-AFCCEFB84E9E}.Debug|Any CPU.Build.0 = Debug|Any CPU
		{AE8E8D84-E89D-4ADC-9A9F-AFCCEFB84E9E}.Release|Any CPU.ActiveCfg = Release|Any CPU
		{AE8E8D84-E89D-4ADC-9A9F-AFCCEFB84E9E}.Release|Any CPU.Build.0 = Release|Any CPU
	EndGlobalSection
	GlobalSection(SolutionProperties) = preSolution
		HideSolutionNode = FALSE
	EndGlobalSection
	GlobalSection(ExtensibilityGlobals) = postSolution
		SolutionGuid = {7DBF29A1-D81A-4F12-9F61-666A56D4F26D}
	EndGlobalSection
EndGlobal
